
Microsoft Visual Studio Solution File, Format Version 12.00
# Visual Studio Version 17
VisualStudioVersion = 17.9.34616.47
MinimumVisualStudioVersion = 10.0.40219.1
Project("{9A19103F-16F7-4668-BE54-9A1E7A4F7556}") = "projetoCliente", "projetoAsp\projetoCliente.csproj", "{AAD15FBF-F8CC-486D-BE60-EE29A6D8C557}"
EndProject
Global
	GlobalSection(SolutionConfigurationPlatforms) = preSolution
		Debug|Any CPU = Debug|Any CPU
		Release|Any CPU = Release|Any CPU
	EndGlobalSection
	GlobalSection(ProjectConfigurationPlatforms) = postSolution
		{AAD15FBF-F8CC-486D-BE60-EE29A6D8C557}.Debug|Any CPU.ActiveCfg = Debug|Any CPU
		{AAD15FBF-F8CC-486D-BE60-EE29A6D8C557}.Debug|Any CPU.Build.0 = Debug|Any CPU
		{AAD15FBF-F8CC-486D-BE60-EE29A6D8C557}.Release|Any CPU.ActiveCfg = Release|Any CPU
		{AAD15FBF-F8CC-486D-BE60-EE29A6D8C557}.Release|Any CPU.Build.0 = Release|Any CPU
	EndGlobalSection
	GlobalSection(SolutionProperties) = preSolution
		HideSolutionNode = FALSE
	EndGlobalSection
	GlobalSection(ExtensibilityGlobals) = postSolution
		SolutionGuid = {69FAFCAF-D194-4E99-A4F5-D87DFB7554E4}
	EndGlobalSection
EndGlobal
